
Microsoft Visual Studio Solution File, Format Version 12.00
# Visual Studio Version 17
VisualStudioVersion = 17.2.32616.157
MinimumVisualStudioVersion = 10.0.40219.1
Project("{9A19103F-16F7-4668-BE54-9A1E7A4F7556}") = "LeadUpdater", "LeadUpdater\LeadUpdater.csproj", "{54A06774-095C-4633-B2C5-31544338635B}"
	ProjectSection(ProjectDependencies) = postProject
		{A775F02F-55A4-434B-915E-F8549F05AB1B} = {A775F02F-55A4-434B-915E-F8549F05AB1B}
	EndProjectSection
EndProject
Project("{FAE04EC0-301F-11D3-BF4B-00C04F79EFBC}") = "LeadUpdater.Business", "LeadUpdater.Business\LeadUpdater.Business.csproj", "{A775F02F-55A4-434B-915E-F8549F05AB1B}"
EndProject
Global
	GlobalSection(SolutionConfigurationPlatforms) = preSolution
		Debug|Any CPU = Debug|Any CPU
		Release|Any CPU = Release|Any CPU
	EndGlobalSection
	GlobalSection(ProjectConfigurationPlatforms) = postSolution
		{54A06774-095C-4633-B2C5-31544338635B}.Debug|Any CPU.ActiveCfg = Debug|Any CPU
		{54A06774-095C-4633-B2C5-31544338635B}.Debug|Any CPU.Build.0 = Debug|Any CPU
		{54A06774-095C-4633-B2C5-31544338635B}.Release|Any CPU.ActiveCfg = Release|Any CPU
		{54A06774-095C-4633-B2C5-31544338635B}.Release|Any CPU.Build.0 = Release|Any CPU
		{A775F02F-55A4-434B-915E-F8549F05AB1B}.Debug|Any CPU.ActiveCfg = Debug|Any CPU
		{A775F02F-55A4-434B-915E-F8549F05AB1B}.Debug|Any CPU.Build.0 = Debug|Any CPU
		{A775F02F-55A4-434B-915E-F8549F05AB1B}.Release|Any CPU.ActiveCfg = Release|Any CPU
		{A775F02F-55A4-434B-915E-F8549F05AB1B}.Release|Any CPU.Build.0 = Release|Any CPU
	EndGlobalSection
	GlobalSection(SolutionProperties) = preSolution
		HideSolutionNode = FALSE
	EndGlobalSection
	GlobalSection(ExtensibilityGlobals) = postSolution
		SolutionGuid = {1FA09073-11D7-4763-BFA5-6CCAECA742DC}
	EndGlobalSection
EndGlobal
